
Microsoft Visual Studio Solution File, Format Version 12.00
# Visual Studio 15
VisualStudioVersion = 15.0.26124.0
MinimumVisualStudioVersion = 15.0.26124.0
Project("{9A19103F-16F7-4668-BE54-9A1E7A4F7556}") = "R5T.Dimitrios.DropboxRivet.Construction", "R5T.Dimitrios.DropboxRivet.Construction\R5T.Dimitrios.DropboxRivet.Construction.csproj", "{9F8869E3-A884-4EFD-944B-37BC073C889D}"
EndProject
Project("{9A19103F-16F7-4668-BE54-9A1E7A4F7556}") = "R5T.Dimitrios.DropboxRivet", "R5T.Dimitrios.DropboxRivet\R5T.Dimitrios.DropboxRivet.csproj", "{1A8ACF76-A725-4AEC-B0E3-D215B1A13E30}"
EndProject
Project("{9A19103F-16F7-4668-BE54-9A1E7A4F7556}") = "R5T.Dimitrios.DropboxRivet.Testing", "R5T.Dimitrios.DropboxRivet.Testing\R5T.Dimitrios.DropboxRivet.Testing.csproj", "{29F76042-7BF8-4200-AB9D-0B256D029619}"
EndProject
Project("{2150E333-8FDC-42A3-9474-1A3956D46DE8}") = "_Dependencies", "_Dependencies", "{AEC9190E-682A-45B4-A203-81D9D779438F}"
EndProject
Project("{9A19103F-16F7-4668-BE54-9A1E7A4F7556}") = "R5T.Dimitrios.Maoursi", "..\..\R5T.Dimitrios.Maoursi\source\R5T.Dimitrios.Maoursi\R5T.Dimitrios.Maoursi.csproj", "{534E1451-4E3F-4ED2-9E6C-ABB8EA171A3E}"
EndProject
Project("{9A19103F-16F7-4668-BE54-9A1E7A4F7556}") = "R5T.Dimitrios.Base", "..\..\R5T.Dimitrios.Base\source\R5T.Dimitrios.Base\R5T.Dimitrios.Base.csproj", "{11B288E0-8C6D-4B65-9557-7594B5C1D6CC}"
EndProject
Project("{9A19103F-16F7-4668-BE54-9A1E7A4F7556}") = "R5T.Egaleo.Base", "..\..\R5T.Egaleo.Base\source\R5T.Egaleo.Base\R5T.Egaleo.Base.csproj", "{FE6EA476-739F-4A01-9514-D74F3EA5DDCD}"
EndProject
Project("{9A19103F-16F7-4668-BE54-9A1E7A4F7556}") = "R5T.Egaleo.Extensions", "..\..\R5T.Egaleo.Extensions\source\R5T.Egaleo.Extensions\R5T.Egaleo.Extensions.csproj", "{7E7B46D4-89D7-4C1A-9C54-65E0AD133A78}"
EndProject
Project("{9A19103F-16F7-4668-BE54-9A1E7A4F7556}") = "R5T.Ostrogothia", "..\..\R5T.Ostrogothia\source\R5T.Ostrogothia\R5T.Ostrogothia.csproj", "{281496DE-18A5-4CD1-B0F2-07C2B65DFA2F}"
EndProject
Project("{9A19103F-16F7-4668-BE54-9A1E7A4F7556}") = "R5T.Lombardy.Base", "..\..\R5T.Lombardy.Base\source\R5T.Lombardy.Base\R5T.Lombardy.Base.csproj", "{1A54E6C4-44C1-4B0F-8591-D6FA96713B48}"
EndProject
Project("{9A19103F-16F7-4668-BE54-9A1E7A4F7556}") = "R5T.Maoursi.Base", "..\..\R5T.Maoursi.Base\source\R5T.Maoursi.Base\R5T.Maoursi.Base.csproj", "{6BF73B45-BCC2-44AE-8BBB-63260FEB67EC}"
EndProject
Project("{9A19103F-16F7-4668-BE54-9A1E7A4F7556}") = "R5T.Oxford.Base", "..\..\R5T.Oxford.Base\source\R5T.Oxford.Base\R5T.Oxford.Base.csproj", "{2ECA6F98-6E4E-4FFA-890B-AD60F66F3D07}"
EndProject
Project("{9A19103F-16F7-4668-BE54-9A1E7A4F7556}") = "R5T.Egaleo.Standard", "..\..\R5T.Egaleo.Standard\source\R5T.Egaleo.Standard\R5T.Egaleo.Standard.csproj", "{0B5AA8F0-E9AF-4C8F-B852-FDFCBBBAEF6E}"
EndProject
Project("{9A19103F-16F7-4668-BE54-9A1E7A4F7556}") = "R5T.Lombardy.Standard", "..\..\R5T.Lombardy.Standard\source\R5T.Lombardy.Standard\R5T.Lombardy.Standard.csproj", "{E9933D71-1819-4A24-B575-D6CF58696C1C}"
EndProject
Project("{9A19103F-16F7-4668-BE54-9A1E7A4F7556}") = "R5T.Maoursi.Dropbox", "..\..\R5T.Maoursi.Dropbox\source\R5T.Maoursi.Dropbox\R5T.Maoursi.Dropbox.csproj", "{A4484AB3-97E5-4625-80E3-B9CA7105C73F}"
EndProject
Project("{9A19103F-16F7-4668-BE54-9A1E7A4F7556}") = "R5T.Oxford.Rivet.Standard", "..\..\R5T.Oxford.Rivet.Standard\source\R5T.Oxford.Rivet.Standard\R5T.Oxford.Rivet.Standard.csproj", "{534E8152-0EC0-4D3F-BAAE-E90DD8DB6493}"
EndProject
Project("{9A19103F-16F7-4668-BE54-9A1E7A4F7556}") = "R5T.Dacia", "..\..\R5T.Dacia\source\R5T.Dacia\R5T.Dacia.csproj", "{4656628B-6B0A-44D9-A60B-99CA340C116D}"
EndProject
Project("{9A19103F-16F7-4668-BE54-9A1E7A4F7556}") = "R5T.Egaleo.Default", "..\..\R5T.Egaleo.Default\source\R5T.Egaleo.Default\R5T.Egaleo.Default.csproj", "{C7E7A4C7-27A6-4C4B-9921-B8330861244D}"
EndProject
Project("{9A19103F-16F7-4668-BE54-9A1E7A4F7556}") = "R5T.Lombardy", "..\..\R5T.Lombardy\source\R5T.Lombardy\R5T.Lombardy.csproj", "{0A705D11-8653-44D3-AC7B-8A5B3DF9BE22}"
EndProject
Project("{9A19103F-16F7-4668-BE54-9A1E7A4F7556}") = "R5T.Cherusci", "..\..\R5T.Cherusci\source\R5T.Cherusci\R5T.Cherusci.csproj", "{3280DDF4-D3A2-4586-B3F3-671694E8A2ED}"
EndProject
Project("{9A19103F-16F7-4668-BE54-9A1E7A4F7556}") = "R5T.Magyar", "..\..\R5T.Magyar\source\R5T.Magyar\R5T.Magyar.csproj", "{B21B04DD-CFE0-4992-A4D2-5B14CD1A736D}"
EndProject
Project("{9A19103F-16F7-4668-BE54-9A1E7A4F7556}") = "R5T.Rugia", "..\..\R5T.Rugia\source\R5T.Rugia\R5T.Rugia.csproj", "{21D2FA03-45E9-4423-BC9D-C5286DFFB642}"
EndProject
Project("{9A19103F-16F7-4668-BE54-9A1E7A4F7556}") = "R5T.Rugia.Base", "..\..\R5T.Rugia.Base\source\R5T.Rugia.Base\R5T.Rugia.Base.csproj", "{63E2CD77-BD76-43A1-8DD9-94CA6136191B}"
EndProject
Project("{9A19103F-16F7-4668-BE54-9A1E7A4F7556}") = "R5T.Bulgaria.UserProfileDirectory", "..\..\R5T.Bulgaria.UserProfileDirectory\source\R5T.Bulgaria.UserProfileDirectory\R5T.Bulgaria.UserProfileDirectory.csproj", "{F6B9DAE8-23AA-40F7-B550-5F72EED4F94E}"
EndProject
Project("{9A19103F-16F7-4668-BE54-9A1E7A4F7556}") = "R5T.Bulgaria.Visigothia", "..\..\R5T.Bulgaria.Visigothia\source\R5T.Bulgaria.Visigothia\R5T.Bulgaria.Visigothia.csproj", "{3A74ECCD-7662-4CF6-BA60-8335B8DBB9BB}"
EndProject
Project("{9A19103F-16F7-4668-BE54-9A1E7A4F7556}") = "R5T.Bulgaria.Base", "..\..\R5T.Bulgaria.Base\source\R5T.Bulgaria.Base\R5T.Bulgaria.Base.csproj", "{1AC36877-AD20-43A1-82EA-351085E77F90}"
EndProject
Project("{9A19103F-16F7-4668-BE54-9A1E7A4F7556}") = "R5T.Peristeria.Base", "..\..\R5T.Peristeria.Base\source\R5T.Peristeria.Base\R5T.Peristeria.Base.csproj", "{7BCD15ED-7691-41F3-8C44-7AFA8D1E9417}"
EndProject
Project("{9A19103F-16F7-4668-BE54-9A1E7A4F7556}") = "R5T.Visigothia.Base", "..\..\R5T.Visigothia.Base\source\R5T.Visigothia.Base\R5T.Visigothia.Base.csproj", "{841ADA9C-4670-4179-934C-54AC30F7DC87}"
EndProject
Project("{9A19103F-16F7-4668-BE54-9A1E7A4F7556}") = "R5T.Peristeria.Standard", "..\..\R5T.Peristeria.Standard\source\R5T.Peristeria.Standard\R5T.Peristeria.Standard.csproj", "{2D2BA47B-A45F-4B63-99D5-989595A7A0CC}"
EndProject
Project("{9A19103F-16F7-4668-BE54-9A1E7A4F7556}") = "R5T.Peristeria.Default", "..\..\R5T.Peristeria.Default\source\R5T.Peristeria.Default\R5T.Peristeria.Default.csproj", "{94EF0B59-611D-4245-94C7-A6CEAACACDA4}"
EndProject
Project("{9A19103F-16F7-4668-BE54-9A1E7A4F7556}") = "R5T.Visigothia.Standard", "..\..\R5T.Visigothia.Standard\source\R5T.Visigothia.Standard\R5T.Visigothia.Standard.csproj", "{F1D21BA2-1C81-40CC-B5DB-AA092C916C7C}"
EndProject
Project("{9A19103F-16F7-4668-BE54-9A1E7A4F7556}") = "R5T.Visigothia.Local.Standard", "..\..\R5T.Visigothia.Local.Standard\source\R5T.Visigothia.Local.Standard\R5T.Visigothia.Local.Standard.csproj", "{8CA50B61-9F6D-4C56-AA53-C79F0E7AA95F}"
EndProject
Project("{9A19103F-16F7-4668-BE54-9A1E7A4F7556}") = "R5T.Visigothia.Local.Default", "..\..\R5T.Visigothia.Local.Default\source\R5T.Visigothia.Local.Default\R5T.Visigothia.Local.Default.csproj", "{4390DBAD-F3AA-4A4B-97CD-2C89766F7EF5}"
EndProject
Project("{9A19103F-16F7-4668-BE54-9A1E7A4F7556}") = "R5T.Kalamaria.Standard", "..\..\R5T.Kalamaria.Standard\source\R5T.Kalamaria.Standard\R5T.Kalamaria.Standard.csproj", "{9FE09112-605A-493D-B998-B59EB2D1A8B9}"
EndProject
Project("{9A19103F-16F7-4668-BE54-9A1E7A4F7556}") = "R5T.Kalamaria.Default", "..\..\R5T.Kalamaria.Default\source\R5T.Kalamaria.Default\R5T.Kalamaria.Default.csproj", "{4556E1C0-4577-4201-8786-92E3A7668F01}"
EndProject
Project("{9A19103F-16F7-4668-BE54-9A1E7A4F7556}") = "R5T.Kalamaria.Base", "..\..\R5T.Kalamaria.Base\source\R5T.Kalamaria.Base\R5T.Kalamaria.Base.csproj", "{DF84D23E-8614-4694-A4DC-F515C84C0D8B}"
EndProject
Project("{9A19103F-16F7-4668-BE54-9A1E7A4F7556}") = "R5T.Maoursi.Bulgaria", "..\..\R5T.Maoursi.Bulgaria\source\R5T.Maoursi.Bulgaria\R5T.Maoursi.Bulgaria.csproj", "{94253438-47A8-4A92-A4F5-D50546CFFB64}"
EndProject
Project("{9A19103F-16F7-4668-BE54-9A1E7A4F7556}") = "R5T.Oxford.Rivet", "..\..\R5T.Oxford.Rivet\source\R5T.Oxford.Rivet\R5T.Oxford.Rivet.csproj", "{9564376B-65ED-4EE8-8A59-E926C530B7CF}"
EndProject
Project("{9A19103F-16F7-4668-BE54-9A1E7A4F7556}") = "R5T.Ostrogothia.Rivet", "..\..\R5T.Ostrogothia.Rivet\source\R5T.Ostrogothia.Rivet\R5T.Ostrogothia.Rivet.csproj", "{DFA2D64B-2952-4A50-BF37-436AC5FD8055}"
EndProject
Global
	GlobalSection(SolutionConfigurationPlatforms) = preSolution
		Debug|Any CPU = Debug|Any CPU
		Debug|x64 = Debug|x64
		Debug|x86 = Debug|x86
		Release|Any CPU = Release|Any CPU
		Release|x64 = Release|x64
		Release|x86 = Release|x86
	EndGlobalSection
	GlobalSection(ProjectConfigurationPlatforms) = postSolution
		{9F8869E3-A884-4EFD-944B-37BC073C889D}.Debug|Any CPU.ActiveCfg = Debug|Any CPU
		{9F8869E3-A884-4EFD-944B-37BC073C889D}.Debug|Any CPU.Build.0 = Debug|Any CPU
		{9F8869E3-A884-4EFD-944B-37BC073C889D}.Debug|x64.ActiveCfg = Debug|Any CPU
		{9F8869E3-A884-4EFD-944B-37BC073C889D}.Debug|x64.Build.0 = Debug|Any CPU
		{9F8869E3-A884-4EFD-944B-37BC073C889D}.Debug|x86.ActiveCfg = Debug|Any CPU
		{9F8869E3-A884-4EFD-944B-37BC073C889D}.Debug|x86.Build.0 = Debug|Any CPU
		{9F8869E3-A884-4EFD-944B-37BC073C889D}.Release|Any CPU.ActiveCfg = Release|Any CPU
		{9F8869E3-A884-4EFD-944B-37BC073C889D}.Release|Any CPU.Build.0 = Release|Any CPU
		{9F8869E3-A884-4EFD-944B-37BC073C889D}.Release|x64.ActiveCfg = Release|Any CPU
		{9F8869E3-A884-4EFD-944B-37BC073C889D}.Release|x64.Build.0 = Release|Any CPU
		{9F8869E3-A884-4EFD-944B-37BC073C889D}.Release|x86.ActiveCfg = Release|Any CPU
		{9F8869E3-A884-4EFD-944B-37BC073C889D}.Release|x86.Build.0 = Release|Any CPU
		{1A8ACF76-A725-4AEC-B0E3-D215B1A13E30}.Debug|Any CPU.ActiveCfg = Debug|Any CPU
		{1A8ACF76-A725-4AEC-B0E3-D215B1A13E30}.Debug|Any CPU.Build.0 = Debug|Any CPU
		{1A8ACF76-A725-4AEC-B0E3-D215B1A13E30}.Debug|x64.ActiveCfg = Debug|Any CPU
		{1A8ACF76-A725-4AEC-B0E3-D215B1A13E30}.Debug|x64.Build.0 = Debug|Any CPU
		{1A8ACF76-A725-4AEC-B0E3-D215B1A13E30}.Debug|x86.ActiveCfg = Debug|Any CPU
		{1A8ACF76-A725-4AEC-B0E3-D215B1A13E30}.Debug|x86.Build.0 = Debug|Any CPU
		{1A8ACF76-A725-4AEC-B0E3-D215B1A13E30}.Release|Any CPU.ActiveCfg = Release|Any CPU
		{1A8ACF76-A725-4AEC-B0E3-D215B1A13E30}.Release|Any CPU.Build.0 = Release|Any CPU
		{1A8ACF76-A725-4AEC-B0E3-D215B1A13E30}.Release|x64.ActiveCfg = Release|Any CPU
		{1A8ACF76-A725-4AEC-B0E3-D215B1A13E30}.Release|x64.Build.0 = Release|Any CPU
		{1A8ACF76-A725-4AEC-B0E3-D215B1A13E30}.Release|x86.ActiveCfg = Release|Any CPU
		{1A8ACF76-A725-4AEC-B0E3-D215B1A13E30}.Release|x86.Build.0 = Release|Any CPU
		{29F76042-7BF8-4200-AB9D-0B256D029619}.Debug|Any CPU.ActiveCfg = Debug|Any CPU
		{29F76042-7BF8-4200-AB9D-0B256D029619}.Debug|Any CPU.Build.0 = Debug|Any CPU
		{29F76042-7BF8-4200-AB9D-0B256D029619}.Debug|x64.ActiveCfg = Debug|Any CPU
		{29F76042-7BF8-4200-AB9D-0B256D029619}.Debug|x64.Build.0 = Debug|Any CPU
		{29F76042-7BF8-4200-AB9D-0B256D029619}.Debug|x86.ActiveCfg = Debug|Any CPU
		{29F76042-7BF8-4200-AB9D-0B256D029619}.Debug|x86.Build.0 = Debug|Any CPU
		{29F76042-7BF8-4200-AB9D-0B256D029619}.Release|Any CPU.ActiveCfg = Release|Any CPU
		{29F76042-7BF8-4200-AB9D-0B256D029619}.Release|Any CPU.Build.0 = Release|Any CPU
		{29F76042-7BF8-4200-AB9D-0B256D029619}.Release|x64.ActiveCfg = Release|Any CPU
		{29F76042-7BF8-4200-AB9D-0B256D029619}.Release|x64.Build.0 = Release|Any CPU
		{29F76042-7BF8-4200-AB9D-0B256D029619}.Release|x86.ActiveCfg = Release|Any CPU
		{29F76042-7BF8-4200-AB9D-0B256D029619}.Release|x86.Build.0 = Release|Any CPU
		{534E1451-4E3F-4ED2-9E6C-ABB8EA171A3E}.Debug|Any CPU.ActiveCfg = Debug|Any CPU
		{534E1451-4E3F-4ED2-9E6C-ABB8EA171A3E}.Debug|Any CPU.Build.0 = Debug|Any CPU
		{534E1451-4E3F-4ED2-9E6C-ABB8EA171A3E}.Debug|x64.ActiveCfg = Debug|Any CPU
		{534E1451-4E3F-4ED2-9E6C-ABB8EA171A3E}.Debug|x64.Build.0 = Debug|Any CPU
		{534E1451-4E3F-4ED2-9E6C-ABB8EA171A3E}.Debug|x86.ActiveCfg = Debug|Any CPU
		{534E1451-4E3F-4ED2-9E6C-ABB8EA171A3E}.Debug|x86.Build.0 = Debug|Any CPU
		{534E1451-4E3F-4ED2-9E6C-ABB8EA171A3E}.Release|Any CPU.ActiveCfg = Release|Any CPU
		{534E1451-4E3F-4ED2-9E6C-ABB8EA171A3E}.Release|Any CPU.Build.0 = Release|Any CPU
		{534E1451-4E3F-4ED2-9E6C-ABB8EA171A3E}.Release|x64.ActiveCfg = Release|Any CPU
		{534E1451-4E3F-4ED2-9E6C-ABB8EA171A3E}.Release|x64.Build.0 = Release|Any CPU
		{534E1451-4E3F-4ED2-9E6C-ABB8EA171A3E}.Release|x86.ActiveCfg = Release|Any CPU
		{534E1451-4E3F-4ED2-9E6C-ABB8EA171A3E}.Release|x86.Build.0 = Release|Any CPU
		{11B288E0-8C6D-4B65-9557-7594B5C1D6CC}.Debug|Any CPU.ActiveCfg = Debug|Any CPU
		{11B288E0-8C6D-4B65-9557-7594B5C1D6CC}.Debug|Any CPU.Build.0 = Debug|Any CPU
		{11B288E0-8C6D-4B65-9557-7594B5C1D6CC}.Debug|x64.ActiveCfg = Debug|Any CPU
		{11B288E0-8C6D-4B65-9557-7594B5C1D6CC}.Debug|x64.Build.0 = Debug|Any CPU
		{11B288E0-8C6D-4B65-9557-7594B5C1D6CC}.Debug|x86.ActiveCfg = Debug|Any CPU
		{11B288E0-8C6D-4B65-9557-7594B5C1D6CC}.Debug|x86.Build.0 = Debug|Any CPU
		{11B288E0-8C6D-4B65-9557-7594B5C1D6CC}.Release|Any CPU.ActiveCfg = Release|Any CPU
		{11B288E0-8C6D-4B65-9557-7594B5C1D6CC}.Release|Any CPU.Build.0 = Release|Any CPU
		{11B288E0-8C6D-4B65-9557-7594B5C1D6CC}.Release|x64.ActiveCfg = Release|Any CPU
		{11B288E0-8C6D-4B65-9557-7594B5C1D6CC}.Release|x64.Build.0 = Release|Any CPU
		{11B288E0-8C6D-4B65-9557-7594B5C1D6CC}.Release|x86.ActiveCfg = Release|Any CPU
		{11B288E0-8C6D-4B65-9557-7594B5C1D6CC}.Release|x86.Build.0 = Release|Any CPU
		{FE6EA476-739F-4A01-9514-D74F3EA5DDCD}.Debug|Any CPU.ActiveCfg = Debug|Any CPU
		{FE6EA476-739F-4A01-9514-D74F3EA5DDCD}.Debug|Any CPU.Build.0 = Debug|Any CPU
		{FE6EA476-739F-4A01-9514-D74F3EA5DDCD}.Debug|x64.ActiveCfg = Debug|Any CPU
		{FE6EA476-739F-4A01-9514-D74F3EA5DDCD}.Debug|x64.Build.0 = Debug|Any CPU
		{FE6EA476-739F-4A01-9514-D74F3EA5DDCD}.Debug|x86.ActiveCfg = Debug|Any CPU
		{FE6EA476-739F-4A01-9514-D74F3EA5DDCD}.Debug|x86.Build.0 = Debug|Any CPU
		{FE6EA476-739F-4A01-9514-D74F3EA5DDCD}.Release|Any CPU.ActiveCfg = Release|Any CPU
		{FE6EA476-739F-4A01-9514-D74F3EA5DDCD}.Release|Any CPU.Build.0 = Release|Any CPU
		{FE6EA476-739F-4A01-9514-D74F3EA5DDCD}.Release|x64.ActiveCfg = Release|Any CPU
		{FE6EA476-739F-4A01-9514-D74F3EA5DDCD}.Release|x64.Build.0 = Release|Any CPU
		{FE6EA476-739F-4A01-9514-D74F3EA5DDCD}.Release|x86.ActiveCfg = Release|Any CPU
		{FE6EA476-739F-4A01-9514-D74F3EA5DDCD}.Release|x86.Build.0 = Release|Any CPU
		{7E7B46D4-89D7-4C1A-9C54-65E0AD133A78}.Debug|Any CPU.ActiveCfg = Debug|Any CPU
		{7E7B46D4-89D7-4C1A-9C54-65E0AD133A78}.Debug|Any CPU.Build.0 = Debug|Any CPU
		{7E7B46D4-89D7-4C1A-9C54-65E0AD133A78}.Debug|x64.ActiveCfg = Debug|Any CPU
		{7E7B46D4-89D7-4C1A-9C54-65E0AD133A78}.Debug|x64.Build.0 = Debug|Any CPU
		{7E7B46D4-89D7-4C1A-9C54-65E0AD133A78}.Debug|x86.ActiveCfg = Debug|Any CPU
		{7E7B46D4-89D7-4C1A-9C54-65E0AD133A78}.Debug|x86.Build.0 = Debug|Any CPU
		{7E7B46D4-89D7-4C1A-9C54-65E0AD133A78}.Release|Any CPU.ActiveCfg = Release|Any CPU
		{7E7B46D4-89D7-4C1A-9C54-65E0AD133A78}.Release|Any CPU.Build.0 = Release|Any CPU
		{7E7B46D4-89D7-4C1A-9C54-65E0AD133A78}.Release|x64.ActiveCfg = Release|Any CPU
		{7E7B46D4-89D7-4C1A-9C54-65E0AD133A78}.Release|x64.Build.0 = Release|Any CPU
		{7E7B46D4-89D7-4C1A-9C54-65E0AD133A78}.Release|x86.ActiveCfg = Release|Any CPU
		{7E7B46D4-89D7-4C1A-9C54-65E0AD133A78}.Release|x86.Build.0 = Release|Any CPU
		{281496DE-18A5-4CD1-B0F2-07C2B65DFA2F}.Debug|Any CPU.ActiveCfg = Debug|Any CPU
		{281496DE-18A5-4CD1-B0F2-07C2B65DFA2F}.Debug|Any CPU.Build.0 = Debug|Any CPU
		{281496DE-18A5-4CD1-B0F2-07C2B65DFA2F}.Debug|x64.ActiveCfg = Debug|Any CPU
		{281496DE-18A5-4CD1-B0F2-07C2B65DFA2F}.Debug|x64.Build.0 = Debug|Any CPU
		{281496DE-18A5-4CD1-B0F2-07C2B65DFA2F}.Debug|x86.ActiveCfg = Debug|Any CPU
		{281496DE-18A5-4CD1-B0F2-07C2B65DFA2F}.Debug|x86.Build.0 = Debug|Any CPU
		{281496DE-18A5-4CD1-B0F2-07C2B65DFA2F}.Release|Any CPU.ActiveCfg = Release|Any CPU
		{281496DE-18A5-4CD1-B0F2-07C2B65DFA2F}.Release|Any CPU.Build.0 = Release|Any CPU
		{281496DE-18A5-4CD1-B0F2-07C2B65DFA2F}.Release|x64.ActiveCfg = Release|Any CPU
		{281496DE-18A5-4CD1-B0F2-07C2B65DFA2F}.Release|x64.Build.0 = Release|Any CPU
		{281496DE-18A5-4CD1-B0F2-07C2B65DFA2F}.Release|x86.ActiveCfg = Release|Any CPU
		{281496DE-18A5-4CD1-B0F2-07C2B65DFA2F}.Release|x86.Build.0 = Release|Any CPU
		{1A54E6C4-44C1-4B0F-8591-D6FA96713B48}.Debug|Any CPU.ActiveCfg = Debug|Any CPU
		{1A54E6C4-44C1-4B0F-8591-D6FA96713B48}.Debug|Any CPU.Build.0 = Debug|Any CPU
		{1A54E6C4-44C1-4B0F-8591-D6FA96713B48}.Debug|x64.ActiveCfg = Debug|Any CPU
		{1A54E6C4-44C1-4B0F-8591-D6FA96713B48}.Debug|x64.Build.0 = Debug|Any CPU
		{1A54E6C4-44C1-4B0F-8591-D6FA96713B48}.Debug|x86.ActiveCfg = Debug|Any CPU
		{1A54E6C4-44C1-4B0F-8591-D6FA96713B48}.Debug|x86.Build.0 = Debug|Any CPU
		{1A54E6C4-44C1-4B0F-8591-D6FA96713B48}.Release|Any CPU.ActiveCfg = Release|Any CPU
		{1A54E6C4-44C1-4B0F-8591-D6FA96713B48}.Release|Any CPU.Build.0 = Release|Any CPU
		{1A54E6C4-44C1-4B0F-8591-D6FA96713B48}.Release|x64.ActiveCfg = Release|Any CPU
		{1A54E6C4-44C1-4B0F-8591-D6FA96713B48}.Release|x64.Build.0 = Release|Any CPU
		{1A54E6C4-44C1-4B0F-8591-D6FA96713B48}.Release|x86.ActiveCfg = Release|Any CPU
		{1A54E6C4-44C1-4B0F-8591-D6FA96713B48}.Release|x86.Build.0 = Release|Any CPU
		{6BF73B45-BCC2-44AE-8BBB-63260FEB67EC}.Debug|Any CPU.ActiveCfg = Debug|Any CPU
		{6BF73B45-BCC2-44AE-8BBB-63260FEB67EC}.Debug|Any CPU.Build.0 = Debug|Any CPU
		{6BF73B45-BCC2-44AE-8BBB-63260FEB67EC}.Debug|x64.ActiveCfg = Debug|Any CPU
		{6BF73B45-BCC2-44AE-8BBB-63260FEB67EC}.Debug|x64.Build.0 = Debug|Any CPU
		{6BF73B45-BCC2-44AE-8BBB-63260FEB67EC}.Debug|x86.ActiveCfg = Debug|Any CPU
		{6BF73B45-BCC2-44AE-8BBB-63260FEB67EC}.Debug|x86.Build.0 = Debug|Any CPU
		{6BF73B45-BCC2-44AE-8BBB-63260FEB67EC}.Release|Any CPU.ActiveCfg = Release|Any CPU
		{6BF73B45-BCC2-44AE-8BBB-63260FEB67EC}.Release|Any CPU.Build.0 = Release|Any CPU
		{6BF73B45-BCC2-44AE-8BBB-63260FEB67EC}.Release|x64.ActiveCfg = Release|Any CPU
		{6BF73B45-BCC2-44AE-8BBB-63260FEB67EC}.Release|x64.Build.0 = Release|Any CPU
		{6BF73B45-BCC2-44AE-8BBB-63260FEB67EC}.Release|x86.ActiveCfg = Release|Any CPU
		{6BF73B45-BCC2-44AE-8BBB-63260FEB67EC}.Release|x86.Build.0 = Release|Any CPU
		{2ECA6F98-6E4E-4FFA-890B-AD60F66F3D07}.Debug|Any CPU.ActiveCfg = Debug|Any CPU
		{2ECA6F98-6E4E-4FFA-890B-AD60F66F3D07}.Debug|Any CPU.Build.0 = Debug|Any CPU
		{2ECA6F98-6E4E-4FFA-890B-AD60F66F3D07}.Debug|x64.ActiveCfg = Debug|Any CPU
		{2ECA6F98-6E4E-4FFA-890B-AD60F66F3D07}.Debug|x64.Build.0 = Debug|Any CPU
		{2ECA6F98-6E4E-4FFA-890B-AD60F66F3D07}.Debug|x86.ActiveCfg = Debug|Any CPU
		{2ECA6F98-6E4E-4FFA-890B-AD60F66F3D07}.Debug|x86.Build.0 = Debug|Any CPU
		{2ECA6F98-6E4E-4FFA-890B-AD60F66F3D07}.Release|Any CPU.ActiveCfg = Release|Any CPU
		{2ECA6F98-6E4E-4FFA-890B-AD60F66F3D07}.Release|Any CPU.Build.0 = Release|Any CPU
		{2ECA6F98-6E4E-4FFA-890B-AD60F66F3D07}.Release|x64.ActiveCfg = Release|Any CPU
		{2ECA6F98-6E4E-4FFA-890B-AD60F66F3D07}.Release|x64.Build.0 = Release|Any CPU
		{2ECA6F98-6E4E-4FFA-890B-AD60F66F3D07}.Release|x86.ActiveCfg = Release|Any CPU
		{2ECA6F98-6E4E-4FFA-890B-AD60F66F3D07}.Release|x86.Build.0 = Release|Any CPU
		{0B5AA8F0-E9AF-4C8F-B852-FDFCBBBAEF6E}.Debug|Any CPU.ActiveCfg = Debug|Any CPU
		{0B5AA8F0-E9AF-4C8F-B852-FDFCBBBAEF6E}.Debug|Any CPU.Build.0 = Debug|Any CPU
		{0B5AA8F0-E9AF-4C8F-B852-FDFCBBBAEF6E}.Debug|x64.ActiveCfg = Debug|Any CPU
		{0B5AA8F0-E9AF-4C8F-B852-FDFCBBBAEF6E}.Debug|x64.Build.0 = Debug|Any CPU
		{0B5AA8F0-E9AF-4C8F-B852-FDFCBBBAEF6E}.Debug|x86.ActiveCfg = Debug|Any CPU
		{0B5AA8F0-E9AF-4C8F-B852-FDFCBBBAEF6E}.Debug|x86.Build.0 = Debug|Any CPU
		{0B5AA8F0-E9AF-4C8F-B852-FDFCBBBAEF6E}.Release|Any CPU.ActiveCfg = Release|Any CPU
		{0B5AA8F0-E9AF-4C8F-B852-FDFCBBBAEF6E}.Release|Any CPU.Build.0 = Release|Any CPU
		{0B5AA8F0-E9AF-4C8F-B852-FDFCBBBAEF6E}.Release|x64.ActiveCfg = Release|Any CPU
		{0B5AA8F0-E9AF-4C8F-B852-FDFCBBBAEF6E}.Release|x64.Build.0 = Release|Any CPU
		{0B5AA8F0-E9AF-4C8F-B852-FDFCBBBAEF6E}.Release|x86.ActiveCfg = Release|Any CPU
		{0B5AA8F0-E9AF-4C8F-B852-FDFCBBBAEF6E}.Release|x86.Build.0 = Release|Any CPU
		{E9933D71-1819-4A24-B575-D6CF58696C1C}.Debug|Any CPU.ActiveCfg = Debug|Any CPU
		{E9933D71-1819-4A24-B575-D6CF58696C1C}.Debug|Any CPU.Build.0 = Debug|Any CPU
		{E9933D71-1819-4A24-B575-D6CF58696C1C}.Debug|x64.ActiveCfg = Debug|Any CPU
		{E9933D71-1819-4A24-B575-D6CF58696C1C}.Debug|x64.Build.0 = Debug|Any CPU
		{E9933D71-1819-4A24-B575-D6CF58696C1C}.Debug|x86.ActiveCfg = Debug|Any CPU
		{E9933D71-1819-4A24-B575-D6CF58696C1C}.Debug|x86.Build.0 = Debug|Any CPU
		{E9933D71-1819-4A24-B575-D6CF58696C1C}.Release|Any CPU.ActiveCfg = Release|Any CPU
		{E9933D71-1819-4A24-B575-D6CF58696C1C}.Release|Any CPU.Build.0 = Release|Any CPU
		{E9933D71-1819-4A24-B575-D6CF58696C1C}.Release|x64.ActiveCfg = Release|Any CPU
		{E9933D71-1819-4A24-B575-D6CF58696C1C}.Release|x64.Build.0 = Release|Any CPU
		{E9933D71-1819-4A24-B575-D6CF58696C1C}.Release|x86.ActiveCfg = Release|Any CPU
		{E9933D71-1819-4A24-B575-D6CF58696C1C}.Release|x86.Build.0 = Release|Any CPU
		{A4484AB3-97E5-4625-80E3-B9CA7105C73F}.Debug|Any CPU.ActiveCfg = Debug|Any CPU
		{A4484AB3-97E5-4625-80E3-B9CA7105C73F}.Debug|Any CPU.Build.0 = Debug|Any CPU
		{A4484AB3-97E5-4625-80E3-B9CA7105C73F}.Debug|x64.ActiveCfg = Debug|Any CPU
		{A4484AB3-97E5-4625-80E3-B9CA7105C73F}.Debug|x64.Build.0 = Debug|Any CPU
		{A4484AB3-97E5-4625-80E3-B9CA7105C73F}.Debug|x86.ActiveCfg = Debug|Any CPU
		{A4484AB3-97E5-4625-80E3-B9CA7105C73F}.Debug|x86.Build.0 = Debug|Any CPU
		{A4484AB3-97E5-4625-80E3-B9CA7105C73F}.Release|Any CPU.ActiveCfg = Release|Any CPU
		{A4484AB3-97E5-4625-80E3-B9CA7105C73F}.Release|Any CPU.Build.0 = Release|Any CPU
		{A4484AB3-97E5-4625-80E3-B9CA7105C73F}.Release|x64.ActiveCfg = Release|Any CPU
		{A4484AB3-97E5-4625-80E3-B9CA7105C73F}.Release|x64.Build.0 = Release|Any CPU
		{A4484AB3-97E5-4625-80E3-B9CA7105C73F}.Release|x86.ActiveCfg = Release|Any CPU
		{A4484AB3-97E5-4625-80E3-B9CA7105C73F}.Release|x86.Build.0 = Release|Any CPU
		{534E8152-0EC0-4D3F-BAAE-E90DD8DB6493}.Debug|Any CPU.ActiveCfg = Debug|Any CPU
		{534E8152-0EC0-4D3F-BAAE-E90DD8DB6493}.Debug|Any CPU.Build.0 = Debug|Any CPU
		{534E8152-0EC0-4D3F-BAAE-E90DD8DB6493}.Debug|x64.ActiveCfg = Debug|Any CPU
		{534E8152-0EC0-4D3F-BAAE-E90DD8DB6493}.Debug|x64.Build.0 = Debug|Any CPU
		{534E8152-0EC0-4D3F-BAAE-E90DD8DB6493}.Debug|x86.ActiveCfg = Debug|Any CPU
		{534E8152-0EC0-4D3F-BAAE-E90DD8DB6493}.Debug|x86.Build.0 = Debug|Any CPU
		{534E8152-0EC0-4D3F-BAAE-E90DD8DB6493}.Release|Any CPU.ActiveCfg = Release|Any CPU
		{534E8152-0EC0-4D3F-BAAE-E90DD8DB6493}.Release|Any CPU.Build.0 = Release|Any CPU
		{534E8152-0EC0-4D3F-BAAE-E90DD8DB6493}.Release|x64.ActiveCfg = Release|Any CPU
		{534E8152-0EC0-4D3F-BAAE-E90DD8DB6493}.Release|x64.Build.0 = Release|Any CPU
		{534E8152-0EC0-4D3F-BAAE-E90DD8DB6493}.Release|x86.ActiveCfg = Release|Any CPU
		{534E8152-0EC0-4D3F-BAAE-E90DD8DB6493}.Release|x86.Build.0 = Release|Any CPU
		{4656628B-6B0A-44D9-A60B-99CA340C116D}.Debug|Any CPU.ActiveCfg = Debug|Any CPU
		{4656628B-6B0A-44D9-A60B-99CA340C116D}.Debug|Any CPU.Build.0 = Debug|Any CPU
		{4656628B-6B0A-44D9-A60B-99CA340C116D}.Debug|x64.ActiveCfg = Debug|Any CPU
		{4656628B-6B0A-44D9-A60B-99CA340C116D}.Debug|x64.Build.0 = Debug|Any CPU
		{4656628B-6B0A-44D9-A60B-99CA340C116D}.Debug|x86.ActiveCfg = Debug|Any CPU
		{4656628B-6B0A-44D9-A60B-99CA340C116D}.Debug|x86.Build.0 = Debug|Any CPU
		{4656628B-6B0A-44D9-A60B-99CA340C116D}.Release|Any CPU.ActiveCfg = Release|Any CPU
		{4656628B-6B0A-44D9-A60B-99CA340C116D}.Release|Any CPU.Build.0 = Release|Any CPU
		{4656628B-6B0A-44D9-A60B-99CA340C116D}.Release|x64.ActiveCfg = Release|Any CPU
		{4656628B-6B0A-44D9-A60B-99CA340C116D}.Release|x64.Build.0 = Release|Any CPU
		{4656628B-6B0A-44D9-A60B-99CA340C116D}.Release|x86.ActiveCfg = Release|Any CPU
		{4656628B-6B0A-44D9-A60B-99CA340C116D}.Release|x86.Build.0 = Release|Any CPU
		{C7E7A4C7-27A6-4C4B-9921-B8330861244D}.Debug|Any CPU.ActiveCfg = Debug|Any CPU
		{C7E7A4C7-27A6-4C4B-9921-B8330861244D}.Debug|Any CPU.Build.0 = Debug|Any CPU
		{C7E7A4C7-27A6-4C4B-9921-B8330861244D}.Debug|x64.ActiveCfg = Debug|Any CPU
		{C7E7A4C7-27A6-4C4B-9921-B8330861244D}.Debug|x64.Build.0 = Debug|Any CPU
		{C7E7A4C7-27A6-4C4B-9921-B8330861244D}.Debug|x86.ActiveCfg = Debug|Any CPU
		{C7E7A4C7-27A6-4C4B-9921-B8330861244D}.Debug|x86.Build.0 = Debug|Any CPU
		{C7E7A4C7-27A6-4C4B-9921-B8330861244D}.Release|Any CPU.ActiveCfg = Release|Any CPU
		{C7E7A4C7-27A6-4C4B-9921-B8330861244D}.Release|Any CPU.Build.0 = Release|Any CPU
		{C7E7A4C7-27A6-4C4B-9921-B8330861244D}.Release|x64.ActiveCfg = Release|Any CPU
		{C7E7A4C7-27A6-4C4B-9921-B8330861244D}.Release|x64.Build.0 = Release|Any CPU
		{C7E7A4C7-27A6-4C4B-9921-B8330861244D}.Release|x86.ActiveCfg = Release|Any CPU
		{C7E7A4C7-27A6-4C4B-9921-B8330861244D}.Release|x86.Build.0 = Release|Any CPU
		{0A705D11-8653-44D3-AC7B-8A5B3DF9BE22}.Debug|Any CPU.ActiveCfg = Debug|Any CPU
		{0A705D11-8653-44D3-AC7B-8A5B3DF9BE22}.Debug|Any CPU.Build.0 = Debug|Any CPU
		{0A705D11-8653-44D3-AC7B-8A5B3DF9BE22}.Debug|x64.ActiveCfg = Debug|Any CPU
		{0A705D11-8653-44D3-AC7B-8A5B3DF9BE22}.Debug|x64.Build.0 = Debug|Any CPU
		{0A705D11-8653-44D3-AC7B-8A5B3DF9BE22}.Debug|x86.ActiveCfg = Debug|Any CPU
		{0A705D11-8653-44D3-AC7B-8A5B3DF9BE22}.Debug|x86.Build.0 = Debug|Any CPU
		{0A705D11-8653-44D3-AC7B-8A5B3DF9BE22}.Release|Any CPU.ActiveCfg = Release|Any CPU
		{0A705D11-8653-44D3-AC7B-8A5B3DF9BE22}.Release|Any CPU.Build.0 = Release|Any CPU
		{0A705D11-8653-44D3-AC7B-8A5B3DF9BE22}.Release|x64.ActiveCfg = Release|Any CPU
		{0A705D11-8653-44D3-AC7B-8A5B3DF9BE22}.Release|x64.Build.0 = Release|Any CPU
		{0A705D11-8653-44D3-AC7B-8A5B3DF9BE22}.Release|x86.ActiveCfg = Release|Any CPU
		{0A705D11-8653-44D3-AC7B-8A5B3DF9BE22}.Release|x86.Build.0 = Release|Any CPU
		{3280DDF4-D3A2-4586-B3F3-671694E8A2ED}.Debug|Any CPU.ActiveCfg = Debug|Any CPU
		{3280DDF4-D3A2-4586-B3F3-671694E8A2ED}.Debug|Any CPU.Build.0 = Debug|Any CPU
		{3280DDF4-D3A2-4586-B3F3-671694E8A2ED}.Debug|x64.ActiveCfg = Debug|Any CPU
		{3280DDF4-D3A2-4586-B3F3-671694E8A2ED}.Debug|x64.Build.0 = Debug|Any CPU
		{3280DDF4-D3A2-4586-B3F3-671694E8A2ED}.Debug|x86.ActiveCfg = Debug|Any CPU
		{3280DDF4-D3A2-4586-B3F3-671694E8A2ED}.Debug|x86.Build.0 = Debug|Any CPU
		{3280DDF4-D3A2-4586-B3F3-671694E8A2ED}.Release|Any CPU.ActiveCfg = Release|Any CPU
		{3280DDF4-D3A2-4586-B3F3-671694E8A2ED}.Release|Any CPU.Build.0 = Release|Any CPU
		{3280DDF4-D3A2-4586-B3F3-671694E8A2ED}.Release|x64.ActiveCfg = Release|Any CPU
		{3280DDF4-D3A2-4586-B3F3-671694E8A2ED}.Release|x64.Build.0 = Release|Any CPU
		{3280DDF4-D3A2-4586-B3F3-671694E8A2ED}.Release|x86.ActiveCfg = Release|Any CPU
		{3280DDF4-D3A2-4586-B3F3-671694E8A2ED}.Release|x86.Build.0 = Release|Any CPU
		{B21B04DD-CFE0-4992-A4D2-5B14CD1A736D}.Debug|Any CPU.ActiveCfg = Debug|Any CPU
		{B21B04DD-CFE0-4992-A4D2-5B14CD1A736D}.Debug|Any CPU.Build.0 = Debug|Any CPU
		{B21B04DD-CFE0-4992-A4D2-5B14CD1A736D}.Debug|x64.ActiveCfg = Debug|Any CPU
		{B21B04DD-CFE0-4992-A4D2-5B14CD1A736D}.Debug|x64.Build.0 = Debug|Any CPU
		{B21B04DD-CFE0-4992-A4D2-5B14CD1A736D}.Debug|x86.ActiveCfg = Debug|Any CPU
		{B21B04DD-CFE0-4992-A4D2-5B14CD1A736D}.Debug|x86.Build.0 = Debug|Any CPU
		{B21B04DD-CFE0-4992-A4D2-5B14CD1A736D}.Release|Any CPU.ActiveCfg = Release|Any CPU
		{B21B04DD-CFE0-4992-A4D2-5B14CD1A736D}.Release|Any CPU.Build.0 = Release|Any CPU
		{B21B04DD-CFE0-4992-A4D2-5B14CD1A736D}.Release|x64.ActiveCfg = Release|Any CPU
		{B21B04DD-CFE0-4992-A4D2-5B14CD1A736D}.Release|x64.Build.0 = Release|Any CPU
		{B21B04DD-CFE0-4992-A4D2-5B14CD1A736D}.Release|x86.ActiveCfg = Release|Any CPU
		{B21B04DD-CFE0-4992-A4D2-5B14CD1A736D}.Release|x86.Build.0 = Release|Any CPU
		{21D2FA03-45E9-4423-BC9D-C5286DFFB642}.Debug|Any CPU.ActiveCfg = Debug|Any CPU
		{21D2FA03-45E9-4423-BC9D-C5286DFFB642}.Debug|Any CPU.Build.0 = Debug|Any CPU
		{21D2FA03-45E9-4423-BC9D-C5286DFFB642}.Debug|x64.ActiveCfg = Debug|Any CPU
		{21D2FA03-45E9-4423-BC9D-C5286DFFB642}.Debug|x64.Build.0 = Debug|Any CPU
		{21D2FA03-45E9-4423-BC9D-C5286DFFB642}.Debug|x86.ActiveCfg = Debug|Any CPU
		{21D2FA03-45E9-4423-BC9D-C5286DFFB642}.Debug|x86.Build.0 = Debug|Any CPU
		{21D2FA03-45E9-4423-BC9D-C5286DFFB642}.Release|Any CPU.ActiveCfg = Release|Any CPU
		{21D2FA03-45E9-4423-BC9D-C5286DFFB642}.Release|Any CPU.Build.0 = Release|Any CPU
		{21D2FA03-45E9-4423-BC9D-C5286DFFB642}.Release|x64.ActiveCfg = Release|Any CPU
		{21D2FA03-45E9-4423-BC9D-C5286DFFB642}.Release|x64.Build.0 = Release|Any CPU
		{21D2FA03-45E9-4423-BC9D-C5286DFFB642}.Release|x86.ActiveCfg = Release|Any CPU
		{21D2FA03-45E9-4423-BC9D-C5286DFFB642}.Release|x86.Build.0 = Release|Any CPU
		{63E2CD77-BD76-43A1-8DD9-94CA6136191B}.Debug|Any CPU.ActiveCfg = Debug|Any CPU
		{63E2CD77-BD76-43A1-8DD9-94CA6136191B}.Debug|Any CPU.Build.0 = Debug|Any CPU
		{63E2CD77-BD76-43A1-8DD9-94CA6136191B}.Debug|x64.ActiveCfg = Debug|Any CPU
		{63E2CD77-BD76-43A1-8DD9-94CA6136191B}.Debug|x64.Build.0 = Debug|Any CPU
		{63E2CD77-BD76-43A1-8DD9-94CA6136191B}.Debug|x86.ActiveCfg = Debug|Any CPU
		{63E2CD77-BD76-43A1-8DD9-94CA6136191B}.Debug|x86.Build.0 = Debug|Any CPU
		{63E2CD77-BD76-43A1-8DD9-94CA6136191B}.Release|Any CPU.ActiveCfg = Release|Any CPU
		{63E2CD77-BD76-43A1-8DD9-94CA6136191B}.Release|Any CPU.Build.0 = Release|Any CPU
		{63E2CD77-BD76-43A1-8DD9-94CA6136191B}.Release|x64.ActiveCfg = Release|Any CPU
		{63E2CD77-BD76-43A1-8DD9-94CA6136191B}.Release|x64.Build.0 = Release|Any CPU
		{63E2CD77-BD76-43A1-8DD9-94CA6136191B}.Release|x86.ActiveCfg = Release|Any CPU
		{63E2CD77-BD76-43A1-8DD9-94CA6136191B}.Release|x86.Build.0 = Release|Any CPU
		{F6B9DAE8-23AA-40F7-B550-5F72EED4F94E}.Debug|Any CPU.ActiveCfg = Debug|Any CPU
		{F6B9DAE8-23AA-40F7-B550-5F72EED4F94E}.Debug|Any CPU.Build.0 = Debug|Any CPU
		{F6B9DAE8-23AA-40F7-B550-5F72EED4F94E}.Debug|x64.ActiveCfg = Debug|Any CPU
		{F6B9DAE8-23AA-40F7-B550-5F72EED4F94E}.Debug|x64.Build.0 = Debug|Any CPU
		{F6B9DAE8-23AA-40F7-B550-5F72EED4F94E}.Debug|x86.ActiveCfg = Debug|Any CPU
		{F6B9DAE8-23AA-40F7-B550-5F72EED4F94E}.Debug|x86.Build.0 = Debug|Any CPU
		{F6B9DAE8-23AA-40F7-B550-5F72EED4F94E}.Release|Any CPU.ActiveCfg = Release|Any CPU
		{F6B9DAE8-23AA-40F7-B550-5F72EED4F94E}.Release|Any CPU.Build.0 = Release|Any CPU
		{F6B9DAE8-23AA-40F7-B550-5F72EED4F94E}.Release|x64.ActiveCfg = Release|Any CPU
		{F6B9DAE8-23AA-40F7-B550-5F72EED4F94E}.Release|x64.Build.0 = Release|Any CPU
		{F6B9DAE8-23AA-40F7-B550-5F72EED4F94E}.Release|x86.ActiveCfg = Release|Any CPU
		{F6B9DAE8-23AA-40F7-B550-5F72EED4F94E}.Release|x86.Build.0 = Release|Any CPU
		{3A74ECCD-7662-4CF6-BA60-8335B8DBB9BB}.Debug|Any CPU.ActiveCfg = Debug|Any CPU
		{3A74ECCD-7662-4CF6-BA60-8335B8DBB9BB}.Debug|Any CPU.Build.0 = Debug|Any CPU
		{3A74ECCD-7662-4CF6-BA60-8335B8DBB9BB}.Debug|x64.ActiveCfg = Debug|Any CPU
		{3A74ECCD-7662-4CF6-BA60-8335B8DBB9BB}.Debug|x64.Build.0 = Debug|Any CPU
		{3A74ECCD-7662-4CF6-BA60-8335B8DBB9BB}.Debug|x86.ActiveCfg = Debug|Any CPU
		{3A74ECCD-7662-4CF6-BA60-8335B8DBB9BB}.Debug|x86.Build.0 = Debug|Any CPU
		{3A74ECCD-7662-4CF6-BA60-8335B8DBB9BB}.Release|Any CPU.ActiveCfg = Release|Any CPU
		{3A74ECCD-7662-4CF6-BA60-8335B8DBB9BB}.Release|Any CPU.Build.0 = Release|Any CPU
		{3A74ECCD-7662-4CF6-BA60-8335B8DBB9BB}.Release|x64.ActiveCfg = Release|Any CPU
		{3A74ECCD-7662-4CF6-BA60-8335B8DBB9BB}.Release|x64.Build.0 = Release|Any CPU
		{3A74ECCD-7662-4CF6-BA60-8335B8DBB9BB}.Release|x86.ActiveCfg = Release|Any CPU
		{3A74ECCD-7662-4CF6-BA60-8335B8DBB9BB}.Release|x86.Build.0 = Release|Any CPU
		{1AC36877-AD20-43A1-82EA-351085E77F90}.Debug|Any CPU.ActiveCfg = Debug|Any CPU
		{1AC36877-AD20-43A1-82EA-351085E77F90}.Debug|Any CPU.Build.0 = Debug|Any CPU
		{1AC36877-AD20-43A1-82EA-351085E77F90}.Debug|x64.ActiveCfg = Debug|Any CPU
		{1AC36877-AD20-43A1-82EA-351085E77F90}.Debug|x64.Build.0 = Debug|Any CPU
		{1AC36877-AD20-43A1-82EA-351085E77F90}.Debug|x86.ActiveCfg = Debug|Any CPU
		{1AC36877-AD20-43A1-82EA-351085E77F90}.Debug|x86.Build.0 = Debug|Any CPU
		{1AC36877-AD20-43A1-82EA-351085E77F90}.Release|Any CPU.ActiveCfg = Release|Any CPU
		{1AC36877-AD20-43A1-82EA-351085E77F90}.Release|Any CPU.Build.0 = Release|Any CPU
		{1AC36877-AD20-43A1-82EA-351085E77F90}.Release|x64.ActiveCfg = Release|Any CPU
		{1AC36877-AD20-43A1-82EA-351085E77F90}.Release|x64.Build.0 = Release|Any CPU
		{1AC36877-AD20-43A1-82EA-351085E77F90}.Release|x86.ActiveCfg = Release|Any CPU
		{1AC36877-AD20-43A1-82EA-351085E77F90}.Release|x86.Build.0 = Release|Any CPU
		{7BCD15ED-7691-41F3-8C44-7AFA8D1E9417}.Debug|Any CPU.ActiveCfg = Debug|Any CPU
		{7BCD15ED-7691-41F3-8C44-7AFA8D1E9417}.Debug|Any CPU.Build.0 = Debug|Any CPU
		{7BCD15ED-7691-41F3-8C44-7AFA8D1E9417}.Debug|x64.ActiveCfg = Debug|Any CPU
		{7BCD15ED-7691-41F3-8C44-7AFA8D1E9417}.Debug|x64.Build.0 = Debug|Any CPU
		{7BCD15ED-7691-41F3-8C44-7AFA8D1E9417}.Debug|x86.ActiveCfg = Debug|Any CPU
		{7BCD15ED-7691-41F3-8C44-7AFA8D1E9417}.Debug|x86.Build.0 = Debug|Any CPU
		{7BCD15ED-7691-41F3-8C44-7AFA8D1E9417}.Release|Any CPU.ActiveCfg = Release|Any CPU
		{7BCD15ED-7691-41F3-8C44-7AFA8D1E9417}.Release|Any CPU.Build.0 = Release|Any CPU
		{7BCD15ED-7691-41F3-8C44-7AFA8D1E9417}.Release|x64.ActiveCfg = Release|Any CPU
		{7BCD15ED-7691-41F3-8C44-7AFA8D1E9417}.Release|x64.Build.0 = Release|Any CPU
		{7BCD15ED-7691-41F3-8C44-7AFA8D1E9417}.Release|x86.ActiveCfg = Release|Any CPU
		{7BCD15ED-7691-41F3-8C44-7AFA8D1E9417}.Release|x86.Build.0 = Release|Any CPU
		{841ADA9C-4670-4179-934C-54AC30F7DC87}.Debug|Any CPU.ActiveCfg = Debug|Any CPU
		{841ADA9C-4670-4179-934C-54AC30F7DC87}.Debug|Any CPU.Build.0 = Debug|Any CPU
		{841ADA9C-4670-4179-934C-54AC30F7DC87}.Debug|x64.ActiveCfg = Debug|Any CPU
		{841ADA9C-4670-4179-934C-54AC30F7DC87}.Debug|x64.Build.0 = Debug|Any CPU
		{841ADA9C-4670-4179-934C-54AC30F7DC87}.Debug|x86.ActiveCfg = Debug|Any CPU
		{841ADA9C-4670-4179-934C-54AC30F7DC87}.Debug|x86.Build.0 = Debug|Any CPU
		{841ADA9C-4670-4179-934C-54AC30F7DC87}.Release|Any CPU.ActiveCfg = Release|Any CPU
		{841ADA9C-4670-4179-934C-54AC30F7DC87}.Release|Any CPU.Build.0 = Release|Any CPU
		{841ADA9C-4670-4179-934C-54AC30F7DC87}.Release|x64.ActiveCfg = Release|Any CPU
		{841ADA9C-4670-4179-934C-54AC30F7DC87}.Release|x64.Build.0 = Release|Any CPU
		{841ADA9C-4670-4179-934C-54AC30F7DC87}.Release|x86.ActiveCfg = Release|Any CPU
		{841ADA9C-4670-4179-934C-54AC30F7DC87}.Release|x86.Build.0 = Release|Any CPU
		{2D2BA47B-A45F-4B63-99D5-989595A7A0CC}.Debug|Any CPU.ActiveCfg = Debug|Any CPU
		{2D2BA47B-A45F-4B63-99D5-989595A7A0CC}.Debug|Any CPU.Build.0 = Debug|Any CPU
		{2D2BA47B-A45F-4B63-99D5-989595A7A0CC}.Debug|x64.ActiveCfg = Debug|Any CPU
		{2D2BA47B-A45F-4B63-99D5-989595A7A0CC}.Debug|x64.Build.0 = Debug|Any CPU
		{2D2BA47B-A45F-4B63-99D5-989595A7A0CC}.Debug|x86.ActiveCfg = Debug|Any CPU
		{2D2BA47B-A45F-4B63-99D5-989595A7A0CC}.Debug|x86.Build.0 = Debug|Any CPU
		{2D2BA47B-A45F-4B63-99D5-989595A7A0CC}.Release|Any CPU.ActiveCfg = Release|Any CPU
		{2D2BA47B-A45F-4B63-99D5-989595A7A0CC}.Release|Any CPU.Build.0 = Release|Any CPU
		{2D2BA47B-A45F-4B63-99D5-989595A7A0CC}.Release|x64.ActiveCfg = Release|Any CPU
		{2D2BA47B-A45F-4B63-99D5-989595A7A0CC}.Release|x64.Build.0 = Release|Any CPU
		{2D2BA47B-A45F-4B63-99D5-989595A7A0CC}.Release|x86.ActiveCfg = Release|Any CPU
		{2D2BA47B-A45F-4B63-99D5-989595A7A0CC}.Release|x86.Build.0 = Release|Any CPU
		{94EF0B59-611D-4245-94C7-A6CEAACACDA4}.Debug|Any CPU.ActiveCfg = Debug|Any CPU
		{94EF0B59-611D-4245-94C7-A6CEAACACDA4}.Debug|Any CPU.Build.0 = Debug|Any CPU
		{94EF0B59-611D-4245-94C7-A6CEAACACDA4}.Debug|x64.ActiveCfg = Debug|Any CPU
		{94EF0B59-611D-4245-94C7-A6CEAACACDA4}.Debug|x64.Build.0 = Debug|Any CPU
		{94EF0B59-611D-4245-94C7-A6CEAACACDA4}.Debug|x86.ActiveCfg = Debug|Any CPU
		{94EF0B59-611D-4245-94C7-A6CEAACACDA4}.Debug|x86.Build.0 = Debug|Any CPU
		{94EF0B59-611D-4245-94C7-A6CEAACACDA4}.Release|Any CPU.ActiveCfg = Release|Any CPU
		{94EF0B59-611D-4245-94C7-A6CEAACACDA4}.Release|Any CPU.Build.0 = Release|Any CPU
		{94EF0B59-611D-4245-94C7-A6CEAACACDA4}.Release|x64.ActiveCfg = Release|Any CPU
		{94EF0B59-611D-4245-94C7-A6CEAACACDA4}.Release|x64.Build.0 = Release|Any CPU
		{94EF0B59-611D-4245-94C7-A6CEAACACDA4}.Release|x86.ActiveCfg = Release|Any CPU
		{94EF0B59-611D-4245-94C7-A6CEAACACDA4}.Release|x86.Build.0 = Release|Any CPU
		{F1D21BA2-1C81-40CC-B5DB-AA092C916C7C}.Debug|Any CPU.ActiveCfg = Debug|Any CPU
		{F1D21BA2-1C81-40CC-B5DB-AA092C916C7C}.Debug|Any CPU.Build.0 = Debug|Any CPU
		{F1D21BA2-1C81-40CC-B5DB-AA092C916C7C}.Debug|x64.ActiveCfg = Debug|Any CPU
		{F1D21BA2-1C81-40CC-B5DB-AA092C916C7C}.Debug|x64.Build.0 = Debug|Any CPU
		{F1D21BA2-1C81-40CC-B5DB-AA092C916C7C}.Debug|x86.ActiveCfg = Debug|Any CPU
		{F1D21BA2-1C81-40CC-B5DB-AA092C916C7C}.Debug|x86.Build.0 = Debug|Any CPU
		{F1D21BA2-1C81-40CC-B5DB-AA092C916C7C}.Release|Any CPU.ActiveCfg = Release|Any CPU
		{F1D21BA2-1C81-40CC-B5DB-AA092C916C7C}.Release|Any CPU.Build.0 = Release|Any CPU
		{F1D21BA2-1C81-40CC-B5DB-AA092C916C7C}.Release|x64.ActiveCfg = Release|Any CPU
		{F1D21BA2-1C81-40CC-B5DB-AA092C916C7C}.Release|x64.Build.0 = Release|Any CPU
		{F1D21BA2-1C81-40CC-B5DB-AA092C916C7C}.Release|x86.ActiveCfg = Release|Any CPU
		{F1D21BA2-1C81-40CC-B5DB-AA092C916C7C}.Release|x86.Build.0 = Release|Any CPU
		{8CA50B61-9F6D-4C56-AA53-C79F0E7AA95F}.Debug|Any CPU.ActiveCfg = Debug|Any CPU
		{8CA50B61-9F6D-4C56-AA53-C79F0E7AA95F}.Debug|Any CPU.Build.0 = Debug|Any CPU
		{8CA50B61-9F6D-4C56-AA53-C79F0E7AA95F}.Debug|x64.ActiveCfg = Debug|Any CPU
		{8CA50B61-9F6D-4C56-AA53-C79F0E7AA95F}.Debug|x64.Build.0 = Debug|Any CPU
		{8CA50B61-9F6D-4C56-AA53-C79F0E7AA95F}.Debug|x86.ActiveCfg = Debug|Any CPU
		{8CA50B61-9F6D-4C56-AA53-C79F0E7AA95F}.Debug|x86.Build.0 = Debug|Any CPU
		{8CA50B61-9F6D-4C56-AA53-C79F0E7AA95F}.Release|Any CPU.ActiveCfg = Release|Any CPU
		{8CA50B61-9F6D-4C56-AA53-C79F0E7AA95F}.Release|Any CPU.Build.0 = Release|Any CPU
		{8CA50B61-9F6D-4C56-AA53-C79F0E7AA95F}.Release|x64.ActiveCfg = Release|Any CPU
		{8CA50B61-9F6D-4C56-AA53-C79F0E7AA95F}.Release|x64.Build.0 = Release|Any CPU
		{8CA50B61-9F6D-4C56-AA53-C79F0E7AA95F}.Release|x86.ActiveCfg = Release|Any CPU
		{8CA50B61-9F6D-4C56-AA53-C79F0E7AA95F}.Release|x86.Build.0 = Release|Any CPU
		{4390DBAD-F3AA-4A4B-97CD-2C89766F7EF5}.Debug|Any CPU.ActiveCfg = Debug|Any CPU
		{4390DBAD-F3AA-4A4B-97CD-2C89766F7EF5}.Debug|Any CPU.Build.0 = Debug|Any CPU
		{4390DBAD-F3AA-4A4B-97CD-2C89766F7EF5}.Debug|x64.ActiveCfg = Debug|Any CPU
		{4390DBAD-F3AA-4A4B-97CD-2C89766F7EF5}.Debug|x64.Build.0 = Debug|Any CPU
		{4390DBAD-F3AA-4A4B-97CD-2C89766F7EF5}.Debug|x86.ActiveCfg = Debug|Any CPU
		{4390DBAD-F3AA-4A4B-97CD-2C89766F7EF5}.Debug|x86.Build.0 = Debug|Any CPU
		{4390DBAD-F3AA-4A4B-97CD-2C89766F7EF5}.Release|Any CPU.ActiveCfg = Release|Any CPU
		{4390DBAD-F3AA-4A4B-97CD-2C89766F7EF5}.Release|Any CPU.Build.0 = Release|Any CPU
		{4390DBAD-F3AA-4A4B-97CD-2C89766F7EF5}.Release|x64.ActiveCfg = Release|Any CPU
		{4390DBAD-F3AA-4A4B-97CD-2C89766F7EF5}.Release|x64.Build.0 = Release|Any CPU
		{4390DBAD-F3AA-4A4B-97CD-2C89766F7EF5}.Release|x86.ActiveCfg = Release|Any CPU
		{4390DBAD-F3AA-4A4B-97CD-2C89766F7EF5}.Release|x86.Build.0 = Release|Any CPU
		{9FE09112-605A-493D-B998-B59EB2D1A8B9}.Debug|Any CPU.ActiveCfg = Debug|Any CPU
		{9FE09112-605A-493D-B998-B59EB2D1A8B9}.Debug|Any CPU.Build.0 = Debug|Any CPU
		{9FE09112-605A-493D-B998-B59EB2D1A8B9}.Debug|x64.ActiveCfg = Debug|Any CPU
		{9FE09112-605A-493D-B998-B59EB2D1A8B9}.Debug|x64.Build.0 = Debug|Any CPU
		{9FE09112-605A-493D-B998-B59EB2D1A8B9}.Debug|x86.ActiveCfg = Debug|Any CPU
		{9FE09112-605A-493D-B998-B59EB2D1A8B9}.Debug|x86.Build.0 = Debug|Any CPU
		{9FE09112-605A-493D-B998-B59EB2D1A8B9}.Release|Any CPU.ActiveCfg = Release|Any CPU
		{9FE09112-605A-493D-B998-B59EB2D1A8B9}.Release|Any CPU.Build.0 = Release|Any CPU
		{9FE09112-605A-493D-B998-B59EB2D1A8B9}.Release|x64.ActiveCfg = Release|Any CPU
		{9FE09112-605A-493D-B998-B59EB2D1A8B9}.Release|x64.Build.0 = Release|Any CPU
		{9FE09112-605A-493D-B998-B59EB2D1A8B9}.Release|x86.ActiveCfg = Release|Any CPU
		{9FE09112-605A-493D-B998-B59EB2D1A8B9}.Release|x86.Build.0 = Release|Any CPU
		{4556E1C0-4577-4201-8786-92E3A7668F01}.Debug|Any CPU.ActiveCfg = Debug|Any CPU
		{4556E1C0-4577-4201-8786-92E3A7668F01}.Debug|Any CPU.Build.0 = Debug|Any CPU
		{4556E1C0-4577-4201-8786-92E3A7668F01}.Debug|x64.ActiveCfg = Debug|Any CPU
		{4556E1C0-4577-4201-8786-92E3A7668F01}.Debug|x64.Build.0 = Debug|Any CPU
		{4556E1C0-4577-4201-8786-92E3A7668F01}.Debug|x86.ActiveCfg = Debug|Any CPU
		{4556E1C0-4577-4201-8786-92E3A7668F01}.Debug|x86.Build.0 = Debug|Any CPU
		{4556E1C0-4577-4201-8786-92E3A7668F01}.Release|Any CPU.ActiveCfg = Release|Any CPU
		{4556E1C0-4577-4201-8786-92E3A7668F01}.Release|Any CPU.Build.0 = Release|Any CPU
		{4556E1C0-4577-4201-8786-92E3A7668F01}.Release|x64.ActiveCfg = Release|Any CPU
		{4556E1C0-4577-4201-8786-92E3A7668F01}.Release|x64.Build.0 = Release|Any CPU
		{4556E1C0-4577-4201-8786-92E3A7668F01}.Release|x86.ActiveCfg = Release|Any CPU
		{4556E1C0-4577-4201-8786-92E3A7668F01}.Release|x86.Build.0 = Release|Any CPU
		{DF84D23E-8614-4694-A4DC-F515C84C0D8B}.Debug|Any CPU.ActiveCfg = Debug|Any CPU
		{DF84D23E-8614-4694-A4DC-F515C84C0D8B}.Debug|Any CPU.Build.0 = Debug|Any CPU
		{DF84D23E-8614-4694-A4DC-F515C84C0D8B}.Debug|x64.ActiveCfg = Debug|Any CPU
		{DF84D23E-8614-4694-A4DC-F515C84C0D8B}.Debug|x64.Build.0 = Debug|Any CPU
		{DF84D23E-8614-4694-A4DC-F515C84C0D8B}.Debug|x86.ActiveCfg = Debug|Any CPU
		{DF84D23E-8614-4694-A4DC-F515C84C0D8B}.Debug|x86.Build.0 = Debug|Any CPU
		{DF84D23E-8614-4694-A4DC-F515C84C0D8B}.Release|Any CPU.ActiveCfg = Release|Any CPU
		{DF84D23E-8614-4694-A4DC-F515C84C0D8B}.Release|Any CPU.Build.0 = Release|Any CPU
		{DF84D23E-8614-4694-A4DC-F515C84C0D8B}.Release|x64.ActiveCfg = Release|Any CPU
		{DF84D23E-8614-4694-A4DC-F515C84C0D8B}.Release|x64.Build.0 = Release|Any CPU
		{DF84D23E-8614-4694-A4DC-F515C84C0D8B}.Release|x86.ActiveCfg = Release|Any CPU
		{DF84D23E-8614-4694-A4DC-F515C84C0D8B}.Release|x86.Build.0 = Release|Any CPU
		{94253438-47A8-4A92-A4F5-D50546CFFB64}.Debug|Any CPU.ActiveCfg = Debug|Any CPU
		{94253438-47A8-4A92-A4F5-D50546CFFB64}.Debug|Any CPU.Build.0 = Debug|Any CPU
		{94253438-47A8-4A92-A4F5-D50546CFFB64}.Debug|x64.ActiveCfg = Debug|Any CPU
		{94253438-47A8-4A92-A4F5-D50546CFFB64}.Debug|x64.Build.0 = Debug|Any CPU
		{94253438-47A8-4A92-A4F5-D50546CFFB64}.Debug|x86.ActiveCfg = Debug|Any CPU
		{94253438-47A8-4A92-A4F5-D50546CFFB64}.Debug|x86.Build.0 = Debug|Any CPU
		{94253438-47A8-4A92-A4F5-D50546CFFB64}.Release|Any CPU.ActiveCfg = Release|Any CPU
		{94253438-47A8-4A92-A4F5-D50546CFFB64}.Release|Any CPU.Build.0 = Release|Any CPU
		{94253438-47A8-4A92-A4F5-D50546CFFB64}.Release|x64.ActiveCfg = Release|Any CPU
		{94253438-47A8-4A92-A4F5-D50546CFFB64}.Release|x64.Build.0 = Release|Any CPU
		{94253438-47A8-4A92-A4F5-D50546CFFB64}.Release|x86.ActiveCfg = Release|Any CPU
		{94253438-47A8-4A92-A4F5-D50546CFFB64}.Release|x86.Build.0 = Release|Any CPU
		{9564376B-65ED-4EE8-8A59-E926C530B7CF}.Debug|Any CPU.ActiveCfg = Debug|Any CPU
		{9564376B-65ED-4EE8-8A59-E926C530B7CF}.Debug|Any CPU.Build.0 = Debug|Any CPU
		{9564376B-65ED-4EE8-8A59-E926C530B7CF}.Debug|x64.ActiveCfg = Debug|Any CPU
		{9564376B-65ED-4EE8-8A59-E926C530B7CF}.Debug|x64.Build.0 = Debug|Any CPU
		{9564376B-65ED-4EE8-8A59-E926C530B7CF}.Debug|x86.ActiveCfg = Debug|Any CPU
		{9564376B-65ED-4EE8-8A59-E926C530B7CF}.Debug|x86.Build.0 = Debug|Any CPU
		{9564376B-65ED-4EE8-8A59-E926C530B7CF}.Release|Any CPU.ActiveCfg = Release|Any CPU
		{9564376B-65ED-4EE8-8A59-E926C530B7CF}.Release|Any CPU.Build.0 = Release|Any CPU
		{9564376B-65ED-4EE8-8A59-E926C530B7CF}.Release|x64.ActiveCfg = Release|Any CPU
		{9564376B-65ED-4EE8-8A59-E926C530B7CF}.Release|x64.Build.0 = Release|Any CPU
		{9564376B-65ED-4EE8-8A59-E926C530B7CF}.Release|x86.ActiveCfg = Release|Any CPU
		{9564376B-65ED-4EE8-8A59-E926C530B7CF}.Release|x86.Build.0 = Release|Any CPU
		{DFA2D64B-2952-4A50-BF37-436AC5FD8055}.Debug|Any CPU.ActiveCfg = Debug|Any CPU
		{DFA2D64B-2952-4A50-BF37-436AC5FD8055}.Debug|Any CPU.Build.0 = Debug|Any CPU
		{DFA2D64B-2952-4A50-BF37-436AC5FD8055}.Debug|x64.ActiveCfg = Debug|Any CPU
		{DFA2D64B-2952-4A50-BF37-436AC5FD8055}.Debug|x64.Build.0 = Debug|Any CPU
		{DFA2D64B-2952-4A50-BF37-436AC5FD8055}.Debug|x86.ActiveCfg = Debug|Any CPU
		{DFA2D64B-2952-4A50-BF37-436AC5FD8055}.Debug|x86.Build.0 = Debug|Any CPU
		{DFA2D64B-2952-4A50-BF37-436AC5FD8055}.Release|Any CPU.ActiveCfg = Release|Any CPU
		{DFA2D64B-2952-4A50-BF37-436AC5FD8055}.Release|Any CPU.Build.0 = Release|Any CPU
		{DFA2D64B-2952-4A50-BF37-436AC5FD8055}.Release|x64.ActiveCfg = Release|Any CPU
		{DFA2D64B-2952-4A50-BF37-436AC5FD8055}.Release|x64.Build.0 = Release|Any CPU
		{DFA2D64B-2952-4A50-BF37-436AC5FD8055}.Release|x86.ActiveCfg = Release|Any CPU
		{DFA2D64B-2952-4A50-BF37-436AC5FD8055}.Release|x86.Build.0 = Release|Any CPU
	EndGlobalSection
	GlobalSection(SolutionProperties) = preSolution
		HideSolutionNode = FALSE
	EndGlobalSection
	GlobalSection(NestedProjects) = preSolution
		{534E1451-4E3F-4ED2-9E6C-ABB8EA171A3E} = {AEC9190E-682A-45B4-A203-81D9D779438F}
		{11B288E0-8C6D-4B65-9557-7594B5C1D6CC} = {AEC9190E-682A-45B4-A203-81D9D779438F}
		{FE6EA476-739F-4A01-9514-D74F3EA5DDCD} = {AEC9190E-682A-45B4-A203-81D9D779438F}
		{7E7B46D4-89D7-4C1A-9C54-65E0AD133A78} = {AEC9190E-682A-45B4-A203-81D9D779438F}
		{281496DE-18A5-4CD1-B0F2-07C2B65DFA2F} = {AEC9190E-682A-45B4-A203-81D9D779438F}
		{1A54E6C4-44C1-4B0F-8591-D6FA96713B48} = {AEC9190E-682A-45B4-A203-81D9D779438F}
		{6BF73B45-BCC2-44AE-8BBB-63260FEB67EC} = {AEC9190E-682A-45B4-A203-81D9D779438F}
		{2ECA6F98-6E4E-4FFA-890B-AD60F66F3D07} = {AEC9190E-682A-45B4-A203-81D9D779438F}
		{0B5AA8F0-E9AF-4C8F-B852-FDFCBBBAEF6E} = {AEC9190E-682A-45B4-A203-81D9D779438F}
		{E9933D71-1819-4A24-B575-D6CF58696C1C} = {AEC9190E-682A-45B4-A203-81D9D779438F}
		{A4484AB3-97E5-4625-80E3-B9CA7105C73F} = {AEC9190E-682A-45B4-A203-81D9D779438F}
		{534E8152-0EC0-4D3F-BAAE-E90DD8DB6493} = {AEC9190E-682A-45B4-A203-81D9D779438F}
		{4656628B-6B0A-44D9-A60B-99CA340C116D} = {AEC9190E-682A-45B4-A203-81D9D779438F}
		{C7E7A4C7-27A6-4C4B-9921-B8330861244D} = {AEC9190E-682A-45B4-A203-81D9D779438F}
		{0A705D11-8653-44D3-AC7B-8A5B3DF9BE22} = {AEC9190E-682A-45B4-A203-81D9D779438F}
		{3280DDF4-D3A2-4586-B3F3-671694E8A2ED} = {AEC9190E-682A-45B4-A203-81D9D779438F}
		{B21B04DD-CFE0-4992-A4D2-5B14CD1A736D} = {AEC9190E-682A-45B4-A203-81D9D779438F}
		{21D2FA03-45E9-4423-BC9D-C5286DFFB642} = {AEC9190E-682A-45B4-A203-81D9D779438F}
		{63E2CD77-BD76-43A1-8DD9-94CA6136191B} = {AEC9190E-682A-45B4-A203-81D9D779438F}
		{F6B9DAE8-23AA-40F7-B550-5F72EED4F94E} = {AEC9190E-682A-45B4-A203-81D9D779438F}
		{3A74ECCD-7662-4CF6-BA60-8335B8DBB9BB} = {AEC9190E-682A-45B4-A203-81D9D779438F}
		{1AC36877-AD20-43A1-82EA-351085E77F90} = {AEC9190E-682A-45B4-A203-81D9D779438F}
		{7BCD15ED-7691-41F3-8C44-7AFA8D1E9417} = {AEC9190E-682A-45B4-A203-81D9D779438F}
		{841ADA9C-4670-4179-934C-54AC30F7DC87} = {AEC9190E-682A-45B4-A203-81D9D779438F}
		{2D2BA47B-A45F-4B63-99D5-989595A7A0CC} = {AEC9190E-682A-45B4-A203-81D9D779438F}
		{94EF0B59-611D-4245-94C7-A6CEAACACDA4} = {AEC9190E-682A-45B4-A203-81D9D779438F}
		{F1D21BA2-1C81-40CC-B5DB-AA092C916C7C} = {AEC9190E-682A-45B4-A203-81D9D779438F}
		{8CA50B61-9F6D-4C56-AA53-C79F0E7AA95F} = {AEC9190E-682A-45B4-A203-81D9D779438F}
		{4390DBAD-F3AA-4A4B-97CD-2C89766F7EF5} = {AEC9190E-682A-45B4-A203-81D9D779438F}
		{9FE09112-605A-493D-B998-B59EB2D1A8B9} = {AEC9190E-682A-45B4-A203-81D9D779438F}
		{4556E1C0-4577-4201-8786-92E3A7668F01} = {AEC9190E-682A-45B4-A203-81D9D779438F}
		{DF84D23E-8614-4694-A4DC-F515C84C0D8B} = {AEC9190E-682A-45B4-A203-81D9D779438F}
		{94253438-47A8-4A92-A4F5-D50546CFFB64} = {AEC9190E-682A-45B4-A203-81D9D779438F}
		{9564376B-65ED-4EE8-8A59-E926C530B7CF} = {AEC9190E-682A-45B4-A203-81D9D779438F}
		{DFA2D64B-2952-4A50-BF37-436AC5FD8055} = {AEC9190E-682A-45B4-A203-81D9D779438F}
	EndGlobalSection
	GlobalSection(ExtensibilityGlobals) = postSolution
		SolutionGuid = {4381C318-95AE-4227-8B2F-0A6C01B98B28}
	EndGlobalSection
EndGlobal
